// !$*UTF8*$!
{
	archiveVersion = 1;
	classes = {
	};
	objectVersion = 77;
	objects = {

/* Begin PBXBuildFile section */
		7970FBF82E74CBCC00206BBF /* Apollo in Frameworks */ = {isa = PBXBuildFile; productRef = 7970FBF72E74CBCC00206BBF /* Apollo */; };
		7970FBFA2E74CBCC00206BBF /* Apollo-Dynamic in Frameworks */ = {isa = PBXBuildFile; productRef = 7970FBF92E74CBCC00206BBF /* Apollo-Dynamic */; };
		7970FBFC2E74CBCC00206BBF /* ApolloAPI in Frameworks */ = {isa = PBXBuildFile; productRef = 7970FBFB2E74CBCC00206BBF /* ApolloAPI */; };
		7970FBFE2E74CBCC00206BBF /* ApolloSQLite in Frameworks */ = {isa = PBXBuildFile; productRef = 7970FBFD2E74CBCC00206BBF /* ApolloSQLite */; };
		7970FC002E74CBCC00206BBF /* ApolloTestSupport in Frameworks */ = {isa = PBXBuildFile; productRef = 7970FBFF2E74CBCC00206BBF /* ApolloTestSupport */; };
		7970FC022E74CBCC00206BBF /* ApolloWebSocket in Frameworks */ = {isa = PBXBuildFile; productRef = 7970FC012E74CBCC00206BBF /* ApolloWebSocket */; };
		7970FC212E74D49E00206BBF /* SchemaConfiguration.swift in Sources */ = {isa = PBXBuildFile; fileRef = 7970FC1D2E74D49E00206BBF /* SchemaConfiguration.swift */; };
		7970FC222E74D49E00206BBF /* Info.graphql.swift in Sources */ = {isa = PBXBuildFile; fileRef = 7970FC182E74D49E00206BBF /* Info.graphql.swift */; };
		7970FC232E74D49E00206BBF /* RickMortyAPI.graphql.swift in Sources */ = {isa = PBXBuildFile; fileRef = 7970FC1C2E74D49E00206BBF /* RickMortyAPI.graphql.swift */; };
		7970FC242E74D49E00206BBF /* Character.graphql.swift in Sources */ = {isa = PBXBuildFile; fileRef = 7970FC152E74D49E00206BBF /* Character.graphql.swift */; };
		7970FC252E74D49E00206BBF /* ID.swift in Sources */ = {isa = PBXBuildFile; fileRef = 7970FC132E74D49E00206BBF /* ID.swift */; };
		7970FC262E74D49E00206BBF /* Episode.graphql.swift in Sources */ = {isa = PBXBuildFile; fileRef = 7970FC172E74D49E00206BBF /* Episode.graphql.swift */; };
		7970FC272E74D49E00206BBF /* SchemaMetadata.graphql.swift in Sources */ = {isa = PBXBuildFile; fileRef = 7970FC1E2E74D49E00206BBF /* SchemaMetadata.graphql.swift */; };
		7970FC282E74D49E00206BBF /* Query.graphql.swift in Sources */ = {isa = PBXBuildFile; fileRef = 7970FC1A2E74D49E00206BBF /* Query.graphql.swift */; };
		7970FC292E74D49E00206BBF /* Characters.graphql.swift in Sources */ = {isa = PBXBuildFile; fileRef = 7970FC162E74D49E00206BBF /* Characters.graphql.swift */; };
		7970FC2A2E74D49E00206BBF /* Location.graphql.swift in Sources */ = {isa = PBXBuildFile; fileRef = 7970FC192E74D49E00206BBF /* Location.graphql.swift */; };
/* End PBXBuildFile section */

/* Begin PBXContainerItemProxy section */
		7970FBDA2E74CAA800206BBF /* PBXContainerItemProxy */ = {
			isa = PBXContainerItemProxy;
			containerPortal = 7970FBC42E74CAA600206BBF /* Project object */;
			proxyType = 1;
			remoteGlobalIDString = 7970FBCB2E74CAA600206BBF;
			remoteInfo = RickMortyLLM;
		};
		7970FBE42E74CAA800206BBF /* PBXContainerItemProxy */ = {
			isa = PBXContainerItemProxy;
			containerPortal = 7970FBC42E74CAA600206BBF /* Project object */;
			proxyType = 1;
			remoteGlobalIDString = 7970FBCB2E74CAA600206BBF;
			remoteInfo = RickMortyLLM;
		};
/* End PBXContainerItemProxy section */

/* Begin PBXFileReference section */
		7970FBCC2E74CAA600206BBF /* RickMortyLLM.app */ = {isa = PBXFileReference; explicitFileType = wrapper.application; includeInIndex = 0; path = RickMortyLLM.app; sourceTree = BUILT_PRODUCTS_DIR; };
		7970FBD92E74CAA800206BBF /* RickMortyLLMTests.xctest */ = {isa = PBXFileReference; explicitFileType = wrapper.cfbundle; includeInIndex = 0; path = RickMortyLLMTests.xctest; sourceTree = BUILT_PRODUCTS_DIR; };
		7970FBE32E74CAA800206BBF /* RickMortyLLMUITests.xctest */ = {isa = PBXFileReference; explicitFileType = wrapper.cfbundle; includeInIndex = 0; path = RickMortyLLMUITests.xctest; sourceTree = BUILT_PRODUCTS_DIR; };
		7970FC132E74D49E00206BBF /* ID.swift */ = {isa = PBXFileReference; lastKnownFileType = sourcecode.swift; path = ID.swift; sourceTree = "<group>"; };
		7970FC152E74D49E00206BBF /* Character.graphql.swift */ = {isa = PBXFileReference; lastKnownFileType = sourcecode.swift; path = Character.graphql.swift; sourceTree = "<group>"; };
		7970FC162E74D49E00206BBF /* Characters.graphql.swift */ = {isa = PBXFileReference; lastKnownFileType = sourcecode.swift; path = Characters.graphql.swift; sourceTree = "<group>"; };
		7970FC172E74D49E00206BBF /* Episode.graphql.swift */ = {isa = PBXFileReference; lastKnownFileType = sourcecode.swift; path = Episode.graphql.swift; sourceTree = "<group>"; };
		7970FC182E74D49E00206BBF /* Info.graphql.swift */ = {isa = PBXFileReference; lastKnownFileType = sourcecode.swift; path = Info.graphql.swift; sourceTree = "<group>"; };
		7970FC192E74D49E00206BBF /* Location.graphql.swift */ = {isa = PBXFileReference; lastKnownFileType = sourcecode.swift; path = Location.graphql.swift; sourceTree = "<group>"; };
		7970FC1A2E74D49E00206BBF /* Query.graphql.swift */ = {isa = PBXFileReference; lastKnownFileType = sourcecode.swift; path = Query.graphql.swift; sourceTree = "<group>"; };
		7970FC1C2E74D49E00206BBF /* RickMortyAPI.graphql.swift */ = {isa = PBXFileReference; lastKnownFileType = sourcecode.swift; path = RickMortyAPI.graphql.swift; sourceTree = "<group>"; };
		7970FC1D2E74D49E00206BBF /* SchemaConfiguration.swift */ = {isa = PBXFileReference; lastKnownFileType = sourcecode.swift; path = SchemaConfiguration.swift; sourceTree = "<group>"; };
		7970FC1E2E74D49E00206BBF /* SchemaMetadata.graphql.swift */ = {isa = PBXFileReference; lastKnownFileType = sourcecode.swift; path = SchemaMetadata.graphql.swift; sourceTree = "<group>"; };
/* End PBXFileReference section */

/* Begin PBXFileSystemSynchronizedBuildFileExceptionSet section */
		7970FC0B2E74CFEA00206BBF /* Exceptions for "GraphQL" folder in "RickMortyLLM" target */ = {
			isa = PBXFileSystemSynchronizedBuildFileExceptionSet;
			membershipExceptions = (
				Operations/CharacterDetails.graphql,
				Operations/Characters.graphql,
			);
			target = 7970FBCB2E74CAA600206BBF /* RickMortyLLM */;
		};
/* End PBXFileSystemSynchronizedBuildFileExceptionSet section */

/* Begin PBXFileSystemSynchronizedGroupBuildPhaseMembershipExceptionSet section */
		7970FC0C2E74CFEA00206BBF /* Exceptions for "GraphQL" folder in "Compile Sources" phase from "RickMortyLLM" target */ = {
			isa = PBXFileSystemSynchronizedGroupBuildPhaseMembershipExceptionSet;
			buildPhase = 7970FBC82E74CAA600206BBF /* Sources */;
			membershipExceptions = (
				Operations/CharacterDetails.graphql,
				Operations/Characters.graphql,
			);
		};
/* End PBXFileSystemSynchronizedGroupBuildPhaseMembershipExceptionSet section */

/* Begin PBXFileSystemSynchronizedRootGroup section */
		7970FBCE2E74CAA600206BBF /* RickMortyLLM */ = {
			isa = PBXFileSystemSynchronizedRootGroup;
			path = RickMortyLLM;
			sourceTree = "<group>";
		};
		7970FBDC2E74CAA800206BBF /* RickMortyLLMTests */ = {
			isa = PBXFileSystemSynchronizedRootGroup;
			path = RickMortyLLMTests;
			sourceTree = "<group>";
		};
		7970FBE62E74CAA800206BBF /* RickMortyLLMUITests */ = {
			isa = PBXFileSystemSynchronizedRootGroup;
			path = RickMortyLLMUITests;
			sourceTree = "<group>";
		};
		7970FC032E74CE2C00206BBF /* GraphQL */ = {
			isa = PBXFileSystemSynchronizedRootGroup;
			exceptions = (
				7970FC0B2E74CFEA00206BBF /* Exceptions for "GraphQL" folder in "RickMortyLLM" target */,
				7970FC0C2E74CFEA00206BBF /* Exceptions for "GraphQL" folder in "Compile Sources" phase from "RickMortyLLM" target */,
			);
			path = GraphQL;
			sourceTree = "<group>";
		};
/* End PBXFileSystemSynchronizedRootGroup section */

/* Begin PBXFrameworksBuildPhase section */
		7970FBC92E74CAA600206BBF /* Frameworks */ = {
			isa = PBXFrameworksBuildPhase;
			buildActionMask = 2147483647;
			files = (
				7970FBFC2E74CBCC00206BBF /* ApolloAPI in Frameworks */,
				7970FC022E74CBCC00206BBF /* ApolloWebSocket in Frameworks */,
				7970FC002E74CBCC00206BBF /* ApolloTestSupport in Frameworks */,
				7970FBFE2E74CBCC00206BBF /* ApolloSQLite in Frameworks */,
				7970FBF82E74CBCC00206BBF /* Apollo in Frameworks */,
				7970FBFA2E74CBCC00206BBF /* Apollo-Dynamic in Frameworks */,
			);
			runOnlyForDeploymentPostprocessing = 0;
		};
		7970FBD62E74CAA800206BBF /* Frameworks */ = {
			isa = PBXFrameworksBuildPhase;
			buildActionMask = 2147483647;
			files = (
			);
			runOnlyForDeploymentPostprocessing = 0;
		};
		7970FBE02E74CAA800206BBF /* Frameworks */ = {
			isa = PBXFrameworksBuildPhase;
			buildActionMask = 2147483647;
			files = (
			);
			runOnlyForDeploymentPostprocessing = 0;
		};
/* End PBXFrameworksBuildPhase section */

/* Begin PBXGroup section */
		7970FBC32E74CAA600206BBF = {
			isa = PBXGroup;
			children = (
				7970FC032E74CE2C00206BBF /* GraphQL */,
				7970FBCE2E74CAA600206BBF /* RickMortyLLM */,
				7970FBDC2E74CAA800206BBF /* RickMortyLLMTests */,
				7970FBE62E74CAA800206BBF /* RickMortyLLMUITests */,
				7970FBCD2E74CAA600206BBF /* Products */,
				7970FC202E74D49E00206BBF /* Generated */,
			);
			sourceTree = "<group>";
		};
		7970FBCD2E74CAA600206BBF /* Products */ = {
			isa = PBXGroup;
			children = (
				7970FBCC2E74CAA600206BBF /* RickMortyLLM.app */,
				7970FBD92E74CAA800206BBF /* RickMortyLLMTests.xctest */,
				7970FBE32E74CAA800206BBF /* RickMortyLLMUITests.xctest */,
			);
			name = Products;
			sourceTree = "<group>";
		};
		7970FC142E74D49E00206BBF /* CustomScalars */ = {
			isa = PBXGroup;
			children = (
				7970FC132E74D49E00206BBF /* ID.swift */,
			);
			path = CustomScalars;
			sourceTree = "<group>";
		};
		7970FC1B2E74D49E00206BBF /* Objects */ = {
			isa = PBXGroup;
			children = (
				7970FC152E74D49E00206BBF /* Character.graphql.swift */,
				7970FC162E74D49E00206BBF /* Characters.graphql.swift */,
				7970FC172E74D49E00206BBF /* Episode.graphql.swift */,
				7970FC182E74D49E00206BBF /* Info.graphql.swift */,
				7970FC192E74D49E00206BBF /* Location.graphql.swift */,
				7970FC1A2E74D49E00206BBF /* Query.graphql.swift */,
			);
			path = Objects;
			sourceTree = "<group>";
		};
		7970FC1F2E74D49E00206BBF /* RickMortyAPI */ = {
			isa = PBXGroup;
			children = (
				7970FC142E74D49E00206BBF /* CustomScalars */,
				7970FC1B2E74D49E00206BBF /* Objects */,
				7970FC1C2E74D49E00206BBF /* RickMortyAPI.graphql.swift */,
				7970FC1D2E74D49E00206BBF /* SchemaConfiguration.swift */,
				7970FC1E2E74D49E00206BBF /* SchemaMetadata.graphql.swift */,
			);
			path = RickMortyAPI;
			sourceTree = "<group>";
		};
		7970FC202E74D49E00206BBF /* Generated */ = {
			isa = PBXGroup;
			children = (
				7970FC1F2E74D49E00206BBF /* RickMortyAPI */,
			);
			path = Generated;
			sourceTree = "<group>";
		};
/* End PBXGroup section */

/* Begin PBXNativeTarget section */
		7970FBCB2E74CAA600206BBF /* RickMortyLLM */ = {
			isa = PBXNativeTarget;
			buildConfigurationList = 7970FBED2E74CAA800206BBF /* Build configuration list for PBXNativeTarget "RickMortyLLM" */;
			buildPhases = (
				7970FBC82E74CAA600206BBF /* Sources */,
				7970FBC92E74CAA600206BBF /* Frameworks */,
				7970FBCA2E74CAA600206BBF /* Resources */,
			);
			buildRules = (
			);
			dependencies = (
			);
			fileSystemSynchronizedGroups = (
				7970FBCE2E74CAA600206BBF /* RickMortyLLM */,
				7970FC032E74CE2C00206BBF /* GraphQL */,
			);
			name = RickMortyLLM;
			packageProductDependencies = (
				7970FBF72E74CBCC00206BBF /* Apollo */,
				7970FBF92E74CBCC00206BBF /* Apollo-Dynamic */,
				7970FBFB2E74CBCC00206BBF /* ApolloAPI */,
				7970FBFD2E74CBCC00206BBF /* ApolloSQLite */,
				7970FBFF2E74CBCC00206BBF /* ApolloTestSupport */,
				7970FC012E74CBCC00206BBF /* ApolloWebSocket */,
			);
			productName = RickMortyLLM;
			productReference = 7970FBCC2E74CAA600206BBF /* RickMortyLLM.app */;
			productType = "com.apple.product-type.application";
		};
		7970FBD82E74CAA800206BBF /* RickMortyLLMTests */ = {
			isa = PBXNativeTarget;
			buildConfigurationList = 7970FBF02E74CAA800206BBF /* Build configuration list for PBXNativeTarget "RickMortyLLMTests" */;
			buildPhases = (
				7970FBD52E74CAA800206BBF /* Sources */,
				7970FBD62E74CAA800206BBF /* Frameworks */,
				7970FBD72E74CAA800206BBF /* Resources */,
			);
			buildRules = (
			);
			dependencies = (
				7970FBDB2E74CAA800206BBF /* PBXTargetDependency */,
			);
			fileSystemSynchronizedGroups = (
				7970FBDC2E74CAA800206BBF /* RickMortyLLMTests */,
			);
			name = RickMortyLLMTests;
			packageProductDependencies = (
			);
			productName = RickMortyLLMTests;
			productReference = 7970FBD92E74CAA800206BBF /* RickMortyLLMTests.xctest */;
			productType = "com.apple.product-type.bundle.unit-test";
		};
		7970FBE22E74CAA800206BBF /* RickMortyLLMUITests */ = {
			isa = PBXNativeTarget;
			buildConfigurationList = 7970FBF32E74CAA800206BBF /* Build configuration list for PBXNativeTarget "RickMortyLLMUITests" */;
			buildPhases = (
				7970FBDF2E74CAA800206BBF /* Sources */,
				7970FBE02E74CAA800206BBF /* Frameworks */,
				7970FBE12E74CAA800206BBF /* Resources */,
			);
			buildRules = (
			);
			dependencies = (
				7970FBE52E74CAA800206BBF /* PBXTargetDependency */,
			);
			fileSystemSynchronizedGroups = (
				7970FBE62E74CAA800206BBF /* RickMortyLLMUITests */,
			);
			name = RickMortyLLMUITests;
			packageProductDependencies = (
			);
			productName = RickMortyLLMUITests;
			productReference = 7970FBE32E74CAA800206BBF /* RickMortyLLMUITests.xctest */;
			productType = "com.apple.product-type.bundle.ui-testing";
		};
/* End PBXNativeTarget section */

/* Begin PBXProject section */
		7970FBC42E74CAA600206BBF /* Project object */ = {
			isa = PBXProject;
			attributes = {
				BuildIndependentTargetsInParallel = 1;
				LastSwiftUpdateCheck = 1640;
				LastUpgradeCheck = 1640;
				TargetAttributes = {
					7970FBCB2E74CAA600206BBF = {
						CreatedOnToolsVersion = 16.4;
					};
					7970FBD82E74CAA800206BBF = {
						CreatedOnToolsVersion = 16.4;
						TestTargetID = 7970FBCB2E74CAA600206BBF;
					};
					7970FBE22E74CAA800206BBF = {
						CreatedOnToolsVersion = 16.4;
						TestTargetID = 7970FBCB2E74CAA600206BBF;
					};
				};
			};
			buildConfigurationList = 7970FBC72E74CAA600206BBF /* Build configuration list for PBXProject "RickMortyLLM" */;
			developmentRegion = en;
			hasScannedForEncodings = 0;
			knownRegions = (
				en,
				Base,
			);
			mainGroup = 7970FBC32E74CAA600206BBF;
			minimizedProjectReferenceProxies = 1;
			packageReferences = (
				7970FBF62E74CBCC00206BBF /* XCRemoteSwiftPackageReference "apollo-ios" */,
			);
			preferredProjectObjectVersion = 77;
			productRefGroup = 7970FBCD2E74CAA600206BBF /* Products */;
			projectDirPath = "";
			projectRoot = "";
			targets = (
				7970FBCB2E74CAA600206BBF /* RickMortyLLM */,
				7970FBD82E74CAA800206BBF /* RickMortyLLMTests */,
				7970FBE22E74CAA800206BBF /* RickMortyLLMUITests */,
			);
		};
/* End PBXProject section */

/* Begin PBXResourcesBuildPhase section */
		7970FBCA2E74CAA600206BBF /* Resources */ = {
			isa = PBXResourcesBuildPhase;
			buildActionMask = 2147483647;
			files = (
			);
			runOnlyForDeploymentPostprocessing = 0;
		};
		7970FBD72E74CAA800206BBF /* Resources */ = {
			isa = PBXResourcesBuildPhase;
			buildActionMask = 2147483647;
			files = (
			);
			runOnlyForDeploymentPostprocessing = 0;
		};
		7970FBE12E74CAA800206BBF /* Resources */ = {
			isa = PBXResourcesBuildPhase;
			buildActionMask = 2147483647;
			files = (
			);
			runOnlyForDeploymentPostprocessing = 0;
		};
/* End PBXResourcesBuildPhase section */

/* Begin PBXSourcesBuildPhase section */
		7970FBC82E74CAA600206BBF /* Sources */ = {
			isa = PBXSourcesBuildPhase;
			buildActionMask = 2147483647;
			files = (
				7970FC212E74D49E00206BBF /* SchemaConfiguration.swift in Sources */,
				7970FC222E74D49E00206BBF /* Info.graphql.swift in Sources */,
				7970FC232E74D49E00206BBF /* RickMortyAPI.graphql.swift in Sources */,
				7970FC242E74D49E00206BBF /* Character.graphql.swift in Sources */,
				7970FC252E74D49E00206BBF /* ID.swift in Sources */,
				7970FC262E74D49E00206BBF /* Episode.graphql.swift in Sources */,
				7970FC272E74D49E00206BBF /* SchemaMetadata.graphql.swift in Sources */,
				7970FC282E74D49E00206BBF /* Query.graphql.swift in Sources */,
				7970FC292E74D49E00206BBF /* Characters.graphql.swift in Sources */,
				7970FC2A2E74D49E00206BBF /* Location.graphql.swift in Sources */,
			);
			runOnlyForDeploymentPostprocessing = 0;
		};
		7970FBD52E74CAA800206BBF /* Sources */ = {
			isa = PBXSourcesBuildPhase;
			buildActionMask = 2147483647;
			files = (
			);
			runOnlyForDeploymentPostprocessing = 0;
		};
		7970FBDF2E74CAA800206BBF /* Sources */ = {
			isa = PBXSourcesBuildPhase;
			buildActionMask = 2147483647;
			files = (
			);
			runOnlyForDeploymentPostprocessing = 0;
		};
/* End PBXSourcesBuildPhase section */

/* Begin PBXTargetDependency section */
		7970FBDB2E74CAA800206BBF /* PBXTargetDependency */ = {
			isa = PBXTargetDependency;
			target = 7970FBCB2E74CAA600206BBF /* RickMortyLLM */;
			targetProxy = 7970FBDA2E74CAA800206BBF /* PBXContainerItemProxy */;
		};
		7970FBE52E74CAA800206BBF /* PBXTargetDependency */ = {
			isa = PBXTargetDependency;
			target = 7970FBCB2E74CAA600206BBF /* RickMortyLLM */;
			targetProxy = 7970FBE42E74CAA800206BBF /* PBXContainerItemProxy */;
		};
/* End PBXTargetDependency section */

/* Begin XCBuildConfiguration section */
		7970FBEB2E74CAA800206BBF /* Debug */ = {
			isa = XCBuildConfiguration;
			buildSettings = {
				ALWAYS_SEARCH_USER_PATHS = NO;
				ASSETCATALOG_COMPILER_GENERATE_SWIFT_ASSET_SYMBOL_EXTENSIONS = YES;
				CLANG_ANALYZER_NONNULL = YES;
				CLANG_ANALYZER_NUMBER_OBJECT_CONVERSION = YES_AGGRESSIVE;
				CLANG_CXX_LANGUAGE_STANDARD = "gnu++20";
				CLANG_ENABLE_MODULES = YES;
				CLANG_ENABLE_OBJC_ARC = YES;
				CLANG_ENABLE_OBJC_WEAK = YES;
				CLANG_WARN_BLOCK_CAPTURE_AUTORELEASING = YES;
				CLANG_WARN_BOOL_CONVERSION = YES;
				CLANG_WARN_COMMA = YES;
				CLANG_WARN_CONSTANT_CONVERSION = YES;
				CLANG_WARN_DEPRECATED_OBJC_IMPLEMENTATIONS = YES;
				CLANG_WARN_DIRECT_OBJC_ISA_USAGE = YES_ERROR;
				CLANG_WARN_DOCUMENTATION_COMMENTS = YES;
				CLANG_WARN_EMPTY_BODY = YES;
				CLANG_WARN_ENUM_CONVERSION = YES;
				CLANG_WARN_INFINITE_RECURSION = YES;
				CLANG_WARN_INT_CONVERSION = YES;
				CLANG_WARN_NON_LITERAL_NULL_CONVERSION = YES;
				CLANG_WARN_OBJC_IMPLICIT_RETAIN_SELF = YES;
				CLANG_WARN_OBJC_LITERAL_CONVERSION = YES;
				CLANG_WARN_OBJC_ROOT_CLASS = YES_ERROR;
				CLANG_WARN_QUOTED_INCLUDE_IN_FRAMEWORK_HEADER = YES;
				CLANG_WARN_RANGE_LOOP_ANALYSIS = YES;
				CLANG_WARN_STRICT_PROTOTYPES = YES;
				CLANG_WARN_SUSPICIOUS_MOVE = YES;
				CLANG_WARN_UNGUARDED_AVAILABILITY = YES_AGGRESSIVE;
				CLANG_WARN_UNREACHABLE_CODE = YES;
				CLANG_WARN__DUPLICATE_METHOD_MATCH = YES;
				COPY_PHASE_STRIP = NO;
				DEBUG_INFORMATION_FORMAT = dwarf;
				DEVELOPMENT_TEAM = USQQZ62WW7;
				ENABLE_STRICT_OBJC_MSGSEND = YES;
				ENABLE_TESTABILITY = YES;
				ENABLE_USER_SCRIPT_SANDBOXING = YES;
				GCC_C_LANGUAGE_STANDARD = gnu17;
				GCC_DYNAMIC_NO_PIC = NO;
				GCC_NO_COMMON_BLOCKS = YES;
				GCC_OPTIMIZATION_LEVEL = 0;
				GCC_PREPROCESSOR_DEFINITIONS = (
					"DEBUG=1",
					"$(inherited)",
				);
				GCC_WARN_64_TO_32_BIT_CONVERSION = YES;
				GCC_WARN_ABOUT_RETURN_TYPE = YES_ERROR;
				GCC_WARN_UNDECLARED_SELECTOR = YES;
				GCC_WARN_UNINITIALIZED_AUTOS = YES_AGGRESSIVE;
				GCC_WARN_UNUSED_FUNCTION = YES;
				GCC_WARN_UNUSED_VARIABLE = YES;
				IPHONEOS_DEPLOYMENT_TARGET = 18.5;
				LOCALIZATION_PREFERS_STRING_CATALOGS = YES;
				MTL_ENABLE_DEBUG_INFO = INCLUDE_SOURCE;
				MTL_FAST_MATH = YES;
				ONLY_ACTIVE_ARCH = YES;
				SDKROOT = iphoneos;
				SWIFT_ACTIVE_COMPILATION_CONDITIONS = "DEBUG $(inherited)";
				SWIFT_OPTIMIZATION_LEVEL = "-Onone";
			};
			name = Debug;
		};
		7970FBEC2E74CAA800206BBF /* Release */ = {
			isa = XCBuildConfiguration;
			buildSettings = {
				ALWAYS_SEARCH_USER_PATHS = NO;
				ASSETCATALOG_COMPILER_GENERATE_SWIFT_ASSET_SYMBOL_EXTENSIONS = YES;
				CLANG_ANALYZER_NONNULL = YES;
				CLANG_ANALYZER_NUMBER_OBJECT_CONVERSION = YES_AGGRESSIVE;
				CLANG_CXX_LANGUAGE_STANDARD = "gnu++20";
				CLANG_ENABLE_MODULES = YES;
				CLANG_ENABLE_OBJC_ARC = YES;
				CLANG_ENABLE_OBJC_WEAK = YES;
				CLANG_WARN_BLOCK_CAPTURE_AUTORELEASING = YES;
				CLANG_WARN_BOOL_CONVERSION = YES;
				CLANG_WARN_COMMA = YES;
				CLANG_WARN_CONSTANT_CONVERSION = YES;
				CLANG_WARN_DEPRECATED_OBJC_IMPLEMENTATIONS = YES;
				CLANG_WARN_DIRECT_OBJC_ISA_USAGE = YES_ERROR;
				CLANG_WARN_DOCUMENTATION_COMMENTS = YES;
				CLANG_WARN_EMPTY_BODY = YES;
				CLANG_WARN_ENUM_CONVERSION = YES;
				CLANG_WARN_INFINITE_RECURSION = YES;
				CLANG_WARN_INT_CONVERSION = YES;
				CLANG_WARN_NON_LITERAL_NULL_CONVERSION = YES;
				CLANG_WARN_OBJC_IMPLICIT_RETAIN_SELF = YES;
				CLANG_WARN_OBJC_LITERAL_CONVERSION = YES;
				CLANG_WARN_OBJC_ROOT_CLASS = YES_ERROR;
				CLANG_WARN_QUOTED_INCLUDE_IN_FRAMEWORK_HEADER = YES;
				CLANG_WARN_RANGE_LOOP_ANALYSIS = YES;
				CLANG_WARN_STRICT_PROTOTYPES = YES;
				CLANG_WARN_SUSPICIOUS_MOVE = YES;
				CLANG_WARN_UNGUARDED_AVAILABILITY = YES_AGGRESSIVE;
				CLANG_WARN_UNREACHABLE_CODE = YES;
				CLANG_WARN__DUPLICATE_METHOD_MATCH = YES;
				COPY_PHASE_STRIP = NO;
				DEBUG_INFORMATION_FORMAT = "dwarf-with-dsym";
				DEVELOPMENT_TEAM = USQQZ62WW7;
				ENABLE_NS_ASSERTIONS = NO;
				ENABLE_STRICT_OBJC_MSGSEND = YES;
				ENABLE_USER_SCRIPT_SANDBOXING = YES;
				GCC_C_LANGUAGE_STANDARD = gnu17;
				GCC_NO_COMMON_BLOCKS = YES;
				GCC_WARN_64_TO_32_BIT_CONVERSION = YES;
				GCC_WARN_ABOUT_RETURN_TYPE = YES_ERROR;
				GCC_WARN_UNDECLARED_SELECTOR = YES;
				GCC_WARN_UNINITIALIZED_AUTOS = YES_AGGRESSIVE;
				GCC_WARN_UNUSED_FUNCTION = YES;
				GCC_WARN_UNUSED_VARIABLE = YES;
				IPHONEOS_DEPLOYMENT_TARGET = 18.5;
				LOCALIZATION_PREFERS_STRING_CATALOGS = YES;
				MTL_ENABLE_DEBUG_INFO = NO;
				MTL_FAST_MATH = YES;
				SDKROOT = iphoneos;
				SWIFT_COMPILATION_MODE = wholemodule;
				VALIDATE_PRODUCT = YES;
			};
			name = Release;
		};
		7970FBEE2E74CAA800206BBF /* Debug */ = {
			isa = XCBuildConfiguration;
			buildSettings = {
				ASSETCATALOG_COMPILER_APPICON_NAME = AppIcon;
				ASSETCATALOG_COMPILER_GLOBAL_ACCENT_COLOR_NAME = AccentColor;
				CODE_SIGN_STYLE = Automatic;
				CURRENT_PROJECT_VERSION = 1;
				DEVELOPMENT_TEAM = USQQZ62WW7;
				ENABLE_PREVIEWS = YES;
				GENERATE_INFOPLIST_FILE = YES;
				INFOPLIST_KEY_UIApplicationSceneManifest_Generation = YES;
				INFOPLIST_KEY_UIApplicationSupportsIndirectInputEvents = YES;
				INFOPLIST_KEY_UILaunchScreen_Generation = YES;
				INFOPLIST_KEY_UISupportedInterfaceOrientations_iPad = "UIInterfaceOrientationPortrait UIInterfaceOrientationPortraitUpsideDown UIInterfaceOrientationLandscapeLeft UIInterfaceOrientationLandscapeRight";
				INFOPLIST_KEY_UISupportedInterfaceOrientations_iPhone = "UIInterfaceOrientationPortrait UIInterfaceOrientationLandscapeLeft UIInterfaceOrientationLandscapeRight";
				LD_RUNPATH_SEARCH_PATHS = (
					"$(inherited)",
					"@executable_path/Frameworks",
				);
				MARKETING_VERSION = 1.0;
				PRODUCT_BUNDLE_IDENTIFIER = name.joshuacleetus.RickMortyLLM;
				PRODUCT_NAME = "$(TARGET_NAME)";
				SWIFT_EMIT_LOC_STRINGS = YES;
				SWIFT_VERSION = 5.0;
				TARGETED_DEVICE_FAMILY = "1,2";
			};
			name = Debug;
		};
		7970FBEF2E74CAA800206BBF /* Release */ = {
			isa = XCBuildConfiguration;
			buildSettings = {
				ASSETCATALOG_COMPILER_APPICON_NAME = AppIcon;
				ASSETCATALOG_COMPILER_GLOBAL_ACCENT_COLOR_NAME = AccentColor;
				CODE_SIGN_STYLE = Automatic;
				CURRENT_PROJECT_VERSION = 1;
				DEVELOPMENT_TEAM = USQQZ62WW7;
				ENABLE_PREVIEWS = YES;
				GENERATE_INFOPLIST_FILE = YES;
				INFOPLIST_KEY_UIApplicationSceneManifest_Generation = YES;
				INFOPLIST_KEY_UIApplicationSupportsIndirectInputEvents = YES;
				INFOPLIST_KEY_UILaunchScreen_Generation = YES;
				INFOPLIST_KEY_UISupportedInterfaceOrientations_iPad = "UIInterfaceOrientationPortrait UIInterfaceOrientationPortraitUpsideDown UIInterfaceOrientationLandscapeLeft UIInterfaceOrientationLandscapeRight";
				INFOPLIST_KEY_UISupportedInterfaceOrientations_iPhone = "UIInterfaceOrientationPortrait UIInterfaceOrientationLandscapeLeft UIInterfaceOrientationLandscapeRight";
				LD_RUNPATH_SEARCH_PATHS = (
					"$(inherited)",
					"@executable_path/Frameworks",
				);
				MARKETING_VERSION = 1.0;
				PRODUCT_BUNDLE_IDENTIFIER = name.joshuacleetus.RickMortyLLM;
				PRODUCT_NAME = "$(TARGET_NAME)";
				SWIFT_EMIT_LOC_STRINGS = YES;
				SWIFT_VERSION = 5.0;
				TARGETED_DEVICE_FAMILY = "1,2";
			};
			name = Release;
		};
		7970FBF12E74CAA800206BBF /* Debug */ = {
			isa = XCBuildConfiguration;
			buildSettings = {
				BUNDLE_LOADER = "$(TEST_HOST)";
				CODE_SIGN_STYLE = Automatic;
				CURRENT_PROJECT_VERSION = 1;
				DEVELOPMENT_TEAM = USQQZ62WW7;
				GENERATE_INFOPLIST_FILE = YES;
				IPHONEOS_DEPLOYMENT_TARGET = 18.5;
				MARKETING_VERSION = 1.0;
				PRODUCT_BUNDLE_IDENTIFIER = name.joshuacleetus.RickMortyLLMTests;
				PRODUCT_NAME = "$(TARGET_NAME)";
				SWIFT_EMIT_LOC_STRINGS = NO;
				SWIFT_VERSION = 5.0;
				TARGETED_DEVICE_FAMILY = "1,2";
				TEST_HOST = "$(BUILT_PRODUCTS_DIR)/RickMortyLLM.app/$(BUNDLE_EXECUTABLE_FOLDER_PATH)/RickMortyLLM";
			};
			name = Debug;
		};
		7970FBF22E74CAA800206BBF /* Release */ = {
			isa = XCBuildConfiguration;
			buildSettings = {
				BUNDLE_LOADER = "$(TEST_HOST)";
				CODE_SIGN_STYLE = Automatic;
				CURRENT_PROJECT_VERSION = 1;
				DEVELOPMENT_TEAM = USQQZ62WW7;
				GENERATE_INFOPLIST_FILE = YES;
				IPHONEOS_DEPLOYMENT_TARGET = 18.5;
				MARKETING_VERSION = 1.0;
				PRODUCT_BUNDLE_IDENTIFIER = name.joshuacleetus.RickMortyLLMTests;
				PRODUCT_NAME = "$(TARGET_NAME)";
				SWIFT_EMIT_LOC_STRINGS = NO;
				SWIFT_VERSION = 5.0;
				TARGETED_DEVICE_FAMILY = "1,2";
				TEST_HOST = "$(BUILT_PRODUCTS_DIR)/RickMortyLLM.app/$(BUNDLE_EXECUTABLE_FOLDER_PATH)/RickMortyLLM";
			};
			name = Release;
		};
		7970FBF42E74CAA800206BBF /* Debug */ = {
			isa = XCBuildConfiguration;
			buildSettings = {
				CODE_SIGN_STYLE = Automatic;
				CURRENT_PROJECT_VERSION = 1;
				DEVELOPMENT_TEAM = USQQZ62WW7;
				GENERATE_INFOPLIST_FILE = YES;
				MARKETING_VERSION = 1.0;
				PRODUCT_BUNDLE_IDENTIFIER = name.joshuacleetus.RickMortyLLMUITests;
				PRODUCT_NAME = "$(TARGET_NAME)";
				SWIFT_EMIT_LOC_STRINGS = NO;
				SWIFT_VERSION = 5.0;
				TARGETED_DEVICE_FAMILY = "1,2";
				TEST_TARGET_NAME = RickMortyLLM;
			};
			name = Debug;
		};
		7970FBF52E74CAA800206BBF /* Release */ = {
			isa = XCBuildConfiguration;
			buildSettings = {
				CODE_SIGN_STYLE = Automatic;
				CURRENT_PROJECT_VERSION = 1;
				DEVELOPMENT_TEAM = USQQZ62WW7;
				GENERATE_INFOPLIST_FILE = YES;
				MARKETING_VERSION = 1.0;
				PRODUCT_BUNDLE_IDENTIFIER = name.joshuacleetus.RickMortyLLMUITests;
				PRODUCT_NAME = "$(TARGET_NAME)";
				SWIFT_EMIT_LOC_STRINGS = NO;
				SWIFT_VERSION = 5.0;
				TARGETED_DEVICE_FAMILY = "1,2";
				TEST_TARGET_NAME = RickMortyLLM;
			};
			name = Release;
		};
/* End XCBuildConfiguration section */

/* Begin XCConfigurationList section */
		7970FBC72E74CAA600206BBF /* Build configuration list for PBXProject "RickMortyLLM" */ = {
			isa = XCConfigurationList;
			buildConfigurations = (
				7970FBEB2E74CAA800206BBF /* Debug */,
				7970FBEC2E74CAA800206BBF /* Release */,
			);
			defaultConfigurationIsVisible = 0;
			defaultConfigurationName = Release;
		};
		7970FBED2E74CAA800206BBF /* Build configuration list for PBXNativeTarget "RickMortyLLM" */ = {
			isa = XCConfigurationList;
			buildConfigurations = (
				7970FBEE2E74CAA800206BBF /* Debug */,
				7970FBEF2E74CAA800206BBF /* Release */,
			);
			defaultConfigurationIsVisible = 0;
			defaultConfigurationName = Release;
		};
		7970FBF02E74CAA800206BBF /* Build configuration list for PBXNativeTarget "RickMortyLLMTests" */ = {
			isa = XCConfigurationList;
			buildConfigurations = (
				7970FBF12E74CAA800206BBF /* Debug */,
				7970FBF22E74CAA800206BBF /* Release */,
			);
			defaultConfigurationIsVisible = 0;
			defaultConfigurationName = Release;
		};
		7970FBF32E74CAA800206BBF /* Build configuration list for PBXNativeTarget "RickMortyLLMUITests" */ = {
			isa = XCConfigurationList;
			buildConfigurations = (
				7970FBF42E74CAA800206BBF /* Debug */,
				7970FBF52E74CAA800206BBF /* Release */,
			);
			defaultConfigurationIsVisible = 0;
			defaultConfigurationName = Release;
		};
/* End XCConfigurationList section */

/* Begin XCRemoteSwiftPackageReference section */
		7970FBF62E74CBCC00206BBF /* XCRemoteSwiftPackageReference "apollo-ios" */ = {
			isa = XCRemoteSwiftPackageReference;
			repositoryURL = "https://github.com/apollographql/apollo-ios";
			requirement = {
				kind = upToNextMajorVersion;
				minimumVersion = 1.23.0;
			};
		};
/* End XCRemoteSwiftPackageReference section */

/* Begin XCSwiftPackageProductDependency section */
		7970FBF72E74CBCC00206BBF /* Apollo */ = {
			isa = XCSwiftPackageProductDependency;
			package = 7970FBF62E74CBCC00206BBF /* XCRemoteSwiftPackageReference "apollo-ios" */;
			productName = Apollo;
		};
		7970FBF92E74CBCC00206BBF /* Apollo-Dynamic */ = {
			isa = XCSwiftPackageProductDependency;
			package = 7970FBF62E74CBCC00206BBF /* XCRemoteSwiftPackageReference "apollo-ios" */;
			productName = "Apollo-Dynamic";
		};
		7970FBFB2E74CBCC00206BBF /* ApolloAPI */ = {
			isa = XCSwiftPackageProductDependency;
			package = 7970FBF62E74CBCC00206BBF /* XCRemoteSwiftPackageReference "apollo-ios" */;
			productName = ApolloAPI;
		};
		7970FBFD2E74CBCC00206BBF /* ApolloSQLite */ = {
			isa = XCSwiftPackageProductDependency;
			package = 7970FBF62E74CBCC00206BBF /* XCRemoteSwiftPackageReference "apollo-ios" */;
			productName = ApolloSQLite;
		};
		7970FBFF2E74CBCC00206BBF /* ApolloTestSupport */ = {
			isa = XCSwiftPackageProductDependency;
			package = 7970FBF62E74CBCC00206BBF /* XCRemoteSwiftPackageReference "apollo-ios" */;
			productName = ApolloTestSupport;
		};
		7970FC012E74CBCC00206BBF /* ApolloWebSocket */ = {
			isa = XCSwiftPackageProductDependency;
			package = 7970FBF62E74CBCC00206BBF /* XCRemoteSwiftPackageReference "apollo-ios" */;
			productName = ApolloWebSocket;
		};
/* End XCSwiftPackageProductDependency section */
	};
	rootObject = 7970FBC42E74CAA600206BBF /* Project object */;
}
